
Microsoft Visual Studio Solution File, Format Version 12.00
# Visual Studio Version 17
VisualStudioVersion = 17.8.34525.116
MinimumVisualStudioVersion = 10.0.40219.1
Project("{FAE04EC0-301F-11D3-BF4B-00C04F79EFBC}") = "ClassLibraryLab10", "ClassLibraryLab10.csproj", "{A31BCA51-BDA3-4C8D-88A1-6C673317A598}"
EndProject
Global
	GlobalSection(SolutionConfigurationPlatforms) = preSolution
		Debug|Any CPU = Debug|Any CPU
		Release|Any CPU = Release|Any CPU
	EndGlobalSection
	GlobalSection(ProjectConfigurationPlatforms) = postSolution
		{A31BCA51-BDA3-4C8D-88A1-6C673317A598}.Debug|Any CPU.ActiveCfg = Debug|Any CPU
		{A31BCA51-BDA3-4C8D-88A1-6C673317A598}.Debug|Any CPU.Build.0 = Debug|Any CPU
		{A31BCA51-BDA3-4C8D-88A1-6C673317A598}.Release|Any CPU.ActiveCfg = Release|Any CPU
		{A31BCA51-BDA3-4C8D-88A1-6C673317A598}.Release|Any CPU.Build.0 = Release|Any CPU
	EndGlobalSection
	GlobalSection(SolutionProperties) = preSolution
		HideSolutionNode = FALSE
	EndGlobalSection
	GlobalSection(ExtensibilityGlobals) = postSolution
		SolutionGuid = {4EE8E4A4-C541-4B03-BAD6-FAF96373B6EE}
	EndGlobalSection
EndGlobal
